{
  "name": "server",
  "version": "1.0.0",
  "lockfileVersion": 1,
  "requires": true,
  "dependencies": {
    "@sindresorhus/is": {
      "version": "4.3.0",
      "resolved": "https://registry.npmmirror.com/@sindresorhus/is/download/@sindresorhus/is-4.3.0.tgz",
      "integrity": "sha512-wwOvh0eO3PiTEivGJWiZ+b946SlMSb4pe+y+Ur/4S87cwo09pYi+FWHHnbrM3W9W7cBYKDqQXcrFYjYUCOJUEQ=="
    },
    "@szmarczak/http-timer": {
      "version": "4.0.6",
      "resolved": "https://registry.nlark.com/@szmarczak/http-timer/download/@szmarczak/http-timer-4.0.6.tgz?cache=0&sync_timestamp=1629502165113&other_urls=https%3A%2F%2Fregistry.nlark.com%2F%40szmarczak%2Fhttp-timer%2Fdownload%2F%40szmarczak%2Fhttp-timer-4.0.6.tgz",
      "integrity": "sha1-tKkUu2LnwnLU5Zif5EQPgSqx2Ac=",
      "requires": {
        "defer-to-connect": "^2.0.0"
      }
    },
    "@types/cacheable-request": {
      "version": "6.0.2",
      "resolved": "https://registry.npmmirror.com/@types/cacheable-request/download/@types/cacheable-request-6.0.2.tgz?cache=0&sync_timestamp=1637264500656&other_urls=https%3A%2F%2Fregistry.npmmirror.com%2F%40types%2Fcacheable-request%2Fdownload%2F%40types%2Fcacheable-request-6.0.2.tgz",
      "integrity": "sha1-wyTaAZfeCpiiMSFWU2riYkKf9rk=",
      "requires": {
        "@types/http-cache-semantics": "*",
        "@types/keyv": "*",
        "@types/node": "*",
        "@types/responselike": "*"
      }
    },
    "@types/http-cache-semantics": {
      "version": "4.0.1",
      "resolved": "https://registry.npmmirror.com/@types/http-cache-semantics/download/@types/http-cache-semantics-4.0.1.tgz?cache=0&sync_timestamp=1637265809017&other_urls=https%3A%2F%2Fregistry.npmmirror.com%2F%40types%2Fhttp-cache-semantics%2Fdownload%2F%40types%2Fhttp-cache-semantics-4.0.1.tgz",
      "integrity": "sha1-Dqe2FJaQK5WJDcTDoRa2DLja6BI="
    },
    "@types/keyv": {
      "version": "3.1.3",
      "resolved": "https://registry.npmmirror.com/@types/keyv/download/@types/keyv-3.1.3.tgz?cache=0&sync_timestamp=1637266390566&other_urls=https%3A%2F%2Fregistry.npmmirror.com%2F%40types%2Fkeyv%2Fdownload%2F%40types%2Fkeyv-3.1.3.tgz",
      "integrity": "sha1-HJquMocuwfINza7omp87qI9GXkE=",
      "requires": {
        "@types/node": "*"
      }
    },
    "@types/node": {
      "version": "17.0.10",
      "resolved": "https://registry.npmmirror.com/@types/node/download/@types/node-17.0.10.tgz",
      "integrity": "sha512-S/3xB4KzyFxYGCppyDt68yzBU9ysL88lSdIah4D6cptdcltc4NCPCAMc0+PCpg/lLIyC7IPvj2Z52OJWeIUkog=="
    },
    "@types/responselike": {
      "version": "1.0.0",
      "resolved": "https://registry.npmmirror.com/@types/responselike/download/@types/responselike-1.0.0.tgz?cache=0&sync_timestamp=1637269963790&other_urls=https%3A%2F%2Fregistry.npmmirror.com%2F%40types%2Fresponselike%2Fdownload%2F%40types%2Fresponselike-1.0.0.tgz",
      "integrity": "sha1-JR9P59FU0rrRJavhtCmyOv0mLik=",
      "requires": {
        "@types/node": "*"
      }
    },
    "accepts": {
      "version": "1.3.7",
      "resolved": "https://registry.npm.taobao.org/accepts/download/accepts-1.3.7.tgz",
      "integrity": "sha1-UxvHJlF6OytB+FACHGzBXqq1B80=",
      "requires": {
        "mime-types": "~2.1.24",
        "negotiator": "0.6.2"
      }
    },
    "array-flatten": {
      "version": "1.1.1",
      "resolved": "https://registry.nlark.com/array-flatten/download/array-flatten-1.1.1.tgz",
      "integrity": "sha1-ml9pkFGx5wczKPKgCJaLZOopVdI="
    },
    "bignumber.js": {
      "version": "9.0.0",
      "resolved": "https://registry.npmmirror.com/bignumber.js/download/bignumber.js-9.0.0.tgz",
      "integrity": "sha512-t/OYhhJ2SD+YGBQcjY8GzzDHEk9f3nerxjtfa6tlMXfe7frs/WozhvCNoGvpM0P3bNf3Gq5ZRMlGr5f3r4/N8A=="
    },
    "body-parser": {
      "version": "1.19.1",
      "resolved": "https://registry.npmmirror.com/body-parser/download/body-parser-1.19.1.tgz",
      "integrity": "sha512-8ljfQi5eBk8EJfECMrgqNGWPEY5jWP+1IzkzkGdFFEwFQZZyaZ21UqdaHktgiMlH0xLHqIFtE/u2OYE5dOtViA==",
      "requires": {
        "bytes": "3.1.1",
        "content-type": "~1.0.4",
        "debug": "2.6.9",
        "depd": "~1.1.2",
        "http-errors": "1.8.1",
        "iconv-lite": "0.4.24",
        "on-finished": "~2.3.0",
        "qs": "6.9.6",
        "raw-body": "2.4.2",
        "type-is": "~1.6.18"
      }
    },
    "bytes": {
      "version": "3.1.1",
      "resolved": "https://registry.npmmirror.com/bytes/download/bytes-3.1.1.tgz?cache=0&sync_timestamp=1637015063162&other_urls=https%3A%2F%2Fregistry.npmmirror.com%2Fbytes%2Fdownload%2Fbytes-3.1.1.tgz",
      "integrity": "sha512-dWe4nWO/ruEOY7HkUJ5gFt1DCFV9zPRoJr8pV0/ASQermOZjtq8jMjOprC0Kd10GLN+l7xaUPvxzJFWtxGu8Fg=="
    },
    "cacheable-lookup": {
      "version": "5.0.4",
      "resolved": "https://registry.npmmirror.com/cacheable-lookup/download/cacheable-lookup-5.0.4.tgz",
      "integrity": "sha1-WmuGWyxENXvj1evCpGewMnGacAU="
    },
    "cacheable-request": {
      "version": "7.0.2",
      "resolved": "https://registry.nlark.com/cacheable-request/download/cacheable-request-7.0.2.tgz?cache=0&sync_timestamp=1623237504263&other_urls=https%3A%2F%2Fregistry.nlark.com%2Fcacheable-request%2Fdownload%2Fcacheable-request-7.0.2.tgz",
      "integrity": "sha1-6g0LiJNkolhUdXMByhKy2nf5HSc=",
      "requires": {
        "clone-response": "^1.0.2",
        "get-stream": "^5.1.0",
        "http-cache-semantics": "^4.0.0",
        "keyv": "^4.0.0",
        "lowercase-keys": "^2.0.0",
        "normalize-url": "^6.0.1",
        "responselike": "^2.0.0"
      }
    },
    "clone-response": {
      "version": "1.0.2",
      "resolved": "https://registry.npm.taobao.org/clone-response/download/clone-response-1.0.2.tgz",
      "integrity": "sha1-0dyXOSAxTfZ/vrlCI7TuNQI56Ws=",
      "requires": {
        "mimic-response": "^1.0.0"
      }
    },
    "content-disposition": {
      "version": "0.5.4",
      "resolved": "https://registry.npmmirror.com/content-disposition/download/content-disposition-0.5.4.tgz",
      "integrity": "sha512-FveZTNuGw04cxlAiWbzi6zTAL/lhehaWbTtgluJh4/E95DqMwTmha3KZN1aAWA8cFIhHzMZUvLevkw5Rqk+tSQ==",
      "requires": {
        "safe-buffer": "5.2.1"
      }
    },
    "content-type": {
      "version": "1.0.4",
      "resolved": "https://registry.nlark.com/content-type/download/content-type-1.0.4.tgz",
      "integrity": "sha1-4TjMdeBAxyexlm/l5fjJruJW/js="
    },
    "cookie": {
      "version": "0.4.1",
      "resolved": "https://registry.npmmirror.com/cookie/download/cookie-0.4.1.tgz",
      "integrity": "sha512-ZwrFkGJxUR3EIoXtO+yVE69Eb7KlixbaeAWfBQB9vVsNn/o+Yw69gBWSSDK825hQNdN+wF8zELf3dFNl/kxkUA=="
    },
    "cookie-signature": {
      "version": "1.0.6",
      "resolved": "https://registry.npm.taobao.org/cookie-signature/download/cookie-signature-1.0.6.tgz",
      "integrity": "sha1-4wOogrNCzD7oylE6eZmXNNqzriw="
    },
    "core-util-is": {
      "version": "1.0.3",
      "resolved": "https://registry.nlark.com/core-util-is/download/core-util-is-1.0.3.tgz",
      "integrity": "sha1-pgQtNjTCsn6TKPg3uWX6yDgI24U="
    },
    "debug": {
      "version": "2.6.9",
      "resolved": "https://registry.npmmirror.com/debug/download/debug-2.6.9.tgz",
      "integrity": "sha512-bC7ElrdJaJnPbAP+1EotYvqZsb3ecl5wi6Bfi6BJTUcNowp6cvspg0jXznRTKDjm/E7AdgFBVeAPVMNcKGsHMA==",
      "requires": {
        "ms": "2.0.0"
      }
    },
    "decompress-response": {
      "version": "6.0.0",
      "resolved": "https://registry.npmmirror.com/decompress-response/download/decompress-response-6.0.0.tgz",
      "integrity": "sha1-yjh2Et234QS9FthaqwDV7PCcZvw=",
      "requires": {
        "mimic-response": "^3.1.0"
      },
      "dependencies": {
        "mimic-response": {
          "version": "3.1.0",
          "resolved": "https://registry.nlark.com/mimic-response/download/mimic-response-3.1.0.tgz?cache=0&sync_timestamp=1628692495204&other_urls=https%3A%2F%2Fregistry.nlark.com%2Fmimic-response%2Fdownload%2Fmimic-response-3.1.0.tgz",
          "integrity": "sha1-LR1Zr5wbEpgVrMwsRqAipc4fo8k="
        }
      }
    },
    "defer-to-connect": {
      "version": "2.0.1",
      "resolved": "https://registry.nlark.com/defer-to-connect/download/defer-to-connect-2.0.1.tgz",
      "integrity": "sha1-gBa9tBQ+RjK3ejRJxiNid95SBYc="
    },
    "depd": {
      "version": "1.1.2",
      "resolved": "https://registry.nlark.com/depd/download/depd-1.1.2.tgz",
      "integrity": "sha1-m81S4UwJd2PnSbJ0xDRu0uVgtak="
    },
    "destroy": {
      "version": "1.0.4",
      "resolved": "https://registry.nlark.com/destroy/download/destroy-1.0.4.tgz",
      "integrity": "sha1-l4hXRCxEdJ5CBmE+N5RiBYJqvYA="
    },
    "ee-first": {
      "version": "1.1.1",
      "resolved": "https://registry.nlark.com/ee-first/download/ee-first-1.1.1.tgz",
      "integrity": "sha1-WQxhFWsK4vTwJVcyoViyZrxWsh0="
    },
    "encodeurl": {
      "version": "1.0.2",
      "resolved": "https://registry.npmmirror.com/encodeurl/download/encodeurl-1.0.2.tgz",
      "integrity": "sha512-TPJXq8JqFaVYm2CWmPvnP2Iyo4ZSM7/QKcSmuMLDObfpH5fi7RUGmd/rTDf+rut/saiDiQEeVTNgAmJEdAOx0w=="
    },
    "end-of-stream": {
      "version": "1.4.4",
      "resolved": "https://registry.nlark.com/end-of-stream/download/end-of-stream-1.4.4.tgz",
      "integrity": "sha1-WuZKX0UFe682JuwU2gyl5LJDHrA=",
      "requires": {
        "once": "^1.4.0"
      }
    },
    "escape-html": {
      "version": "1.0.3",
      "resolved": "https://registry.npm.taobao.org/escape-html/download/escape-html-1.0.3.tgz",
      "integrity": "sha1-Aljq5NPQwJdN4cFpGI7wBR0dGYg="
    },
    "etag": {
      "version": "1.8.1",
      "resolved": "https://registry.nlark.com/etag/download/etag-1.8.1.tgz",
      "integrity": "sha1-Qa4u62XvpiJorr/qg6x9eSmbCIc="
    },
    "express": {
      "version": "4.17.2",
      "resolved": "https://registry.npmmirror.com/express/download/express-4.17.2.tgz",
      "integrity": "sha512-oxlxJxcQlYwqPWKVJJtvQiwHgosH/LrLSPA+H4UxpyvSS6jC5aH+5MoHFM+KABgTOt0APue4w66Ha8jCUo9QGg==",
      "requires": {
        "accepts": "~1.3.7",
        "array-flatten": "1.1.1",
        "body-parser": "1.19.1",
        "content-disposition": "0.5.4",
        "content-type": "~1.0.4",
        "cookie": "0.4.1",
        "cookie-signature": "1.0.6",
        "debug": "2.6.9",
        "depd": "~1.1.2",
        "encodeurl": "~1.0.2",
        "escape-html": "~1.0.3",
        "etag": "~1.8.1",
        "finalhandler": "~1.1.2",
        "fresh": "0.5.2",
        "merge-descriptors": "1.0.1",
        "methods": "~1.1.2",
        "on-finished": "~2.3.0",
        "parseurl": "~1.3.3",
        "path-to-regexp": "0.1.7",
        "proxy-addr": "~2.0.7",
        "qs": "6.9.6",
        "range-parser": "~1.2.1",
        "safe-buffer": "5.2.1",
        "send": "0.17.2",
        "serve-static": "1.14.2",
        "setprototypeof": "1.2.0",
        "statuses": "~1.5.0",
        "type-is": "~1.6.18",
        "utils-merge": "1.0.1",
        "vary": "~1.1.2"
      }
    },
    "finalhandler": {
      "version": "1.1.2",
      "resolved": "https://registry.nlark.com/finalhandler/download/finalhandler-1.1.2.tgz",
      "integrity": "sha1-t+fQAP/RGTjQ/bBTUG9uur6fWH0=",
      "requires": {
        "debug": "2.6.9",
        "encodeurl": "~1.0.2",
        "escape-html": "~1.0.3",
        "on-finished": "~2.3.0",
        "parseurl": "~1.3.3",
        "statuses": "~1.5.0",
        "unpipe": "~1.0.0"
      }
    },
    "forwarded": {
      "version": "0.2.0",
      "resolved": "https://registry.nlark.com/forwarded/download/forwarded-0.2.0.tgz?cache=0&sync_timestamp=1622503408398&other_urls=https%3A%2F%2Fregistry.nlark.com%2Fforwarded%2Fdownload%2Fforwarded-0.2.0.tgz",
      "integrity": "sha1-ImmTZCiq1MFcfr6XeahL8LKoGBE="
    },
    "fresh": {
      "version": "0.5.2",
      "resolved": "https://registry.npm.taobao.org/fresh/download/fresh-0.5.2.tgz",
      "integrity": "sha1-PYyt2Q2XZWn6g1qx+OSyOhBWBac="
    },
    "get-stream": {
      "version": "5.2.0",
      "resolved": "https://registry.npm.taobao.org/get-stream/download/get-stream-5.2.0.tgz",
      "integrity": "sha1-SWaheV7lrOZecGxLe+txJX1uItM=",
      "requires": {
        "pump": "^3.0.0"
      }
    },
    "got": {
      "version": "11.8.3",
      "resolved": "https://registry.npmmirror.com/got/download/got-11.8.3.tgz",
      "integrity": "sha512-7gtQ5KiPh1RtGS9/Jbv1ofDpBFuq42gyfEib+ejaRBJuj/3tQFeR5+gw57e4ipaU8c/rCjvX6fkQz2lyDlGAOg==",
      "requires": {
        "@sindresorhus/is": "^4.0.0",
        "@szmarczak/http-timer": "^4.0.5",
        "@types/cacheable-request": "^6.0.1",
        "@types/responselike": "^1.0.0",
        "cacheable-lookup": "^5.0.3",
        "cacheable-request": "^7.0.2",
        "decompress-response": "^6.0.0",
        "http2-wrapper": "^1.0.0-beta.5.2",
        "lowercase-keys": "^2.0.0",
        "p-cancelable": "^2.0.0",
        "responselike": "^2.0.0"
      }
    },
    "http-cache-semantics": {
      "version": "4.1.0",
      "resolved": "https://registry.npm.taobao.org/http-cache-semantics/download/http-cache-semantics-4.1.0.tgz",
      "integrity": "sha1-SekcXL82yblLz81xwj1SSex045A="
    },
    "http-errors": {
      "version": "1.8.1",
      "resolved": "https://registry.npmmirror.com/http-errors/download/http-errors-1.8.1.tgz",
      "integrity": "sha512-Kpk9Sm7NmI+RHhnj6OIWDI1d6fIoFAtFt9RLaTMRlg/8w49juAStsrBgp0Dp4OdxdVbRIeKhtCUvoi/RuAhO4g==",
      "requires": {
        "depd": "~1.1.2",
        "inherits": "2.0.4",
        "setprototypeof": "1.2.0",
        "statuses": ">= 1.5.0 < 2",
        "toidentifier": "1.0.1"
      }
    },
    "http2-wrapper": {
      "version": "1.0.3",
      "resolved": "https://registry.npmmirror.com/http2-wrapper/download/http2-wrapper-1.0.3.tgz",
      "integrity": "sha1-uPVeDB8l1OvQizsMLAeflZCACz0=",
      "requires": {
        "quick-lru": "^5.1.1",
        "resolve-alpn": "^1.0.0"
      }
    },
    "iconv-lite": {
      "version": "0.4.24",
      "resolved": "https://registry.nlark.com/iconv-lite/download/iconv-lite-0.4.24.tgz?cache=0&sync_timestamp=1621826342262&other_urls=https%3A%2F%2Fregistry.nlark.com%2Ficonv-lite%2Fdownload%2Ficonv-lite-0.4.24.tgz",
      "integrity": "sha1-ICK0sl+93CHS9SSXSkdKr+czkIs=",
      "requires": {
        "safer-buffer": ">= 2.1.2 < 3"
      }
    },
    "inherits": {
      "version": "2.0.4",
      "resolved": "https://registry.nlark.com/inherits/download/inherits-2.0.4.tgz",
      "integrity": "sha1-D6LGT5MpF8NDOg3tVTY6rjdBa3w="
    },
    "ipaddr.js": {
      "version": "1.9.1",
      "resolved": "https://registry.nlark.com/ipaddr.js/download/ipaddr.js-1.9.1.tgz",
      "integrity": "sha1-v/OFQ+64mEglB5/zoqjmy9RngbM="
    },
    "isarray": {
      "version": "1.0.0",
      "resolved": "https://registry.npmmirror.com/isarray/download/isarray-1.0.0.tgz",
      "integrity": "sha512-VLghIWNM6ELQzo7zwmcg0NmTVyWKYjvIeM83yjp0wRDTmUnrM678fQbcKBo6n2CJEF0szoG//ytg+TKla89ALQ=="
    },
    "json-buffer": {
      "version": "3.0.1",
      "resolved": "https://registry.npm.taobao.org/json-buffer/download/json-buffer-3.0.1.tgz",
      "integrity": "sha1-kziAKjDTtmBfvgYT4JQAjKjAWhM="
    },
    "keyv": {
      "version": "4.0.5",
      "resolved": "https://registry.npmmirror.com/keyv/download/keyv-4.0.5.tgz",
      "integrity": "sha512-531pkGLqV3BMg0eDqqJFI0R1mkK1Nm5xIP2mM6keP5P8WfFtCkg2IOwplTUmlGoTgIg9yQYZ/kdihhz89XH3vA==",
      "requires": {
        "json-buffer": "3.0.1"
      }
    },
    "lowercase-keys": {
      "version": "2.0.0",
      "resolved": "https://registry.npmmirror.com/lowercase-keys/download/lowercase-keys-2.0.0.tgz?cache=0&sync_timestamp=1634551715073&other_urls=https%3A%2F%2Fregistry.npmmirror.com%2Flowercase-keys%2Fdownload%2Flowercase-keys-2.0.0.tgz",
      "integrity": "sha1-JgPni3tLAAbLyi+8yKMgJVislHk="
    },
    "media-typer": {
      "version": "0.3.0",
      "resolved": "https://registry.nlark.com/media-typer/download/media-typer-0.3.0.tgz",
      "integrity": "sha1-hxDXrwqmJvj/+hzgAWhUUmMlV0g="
    },
    "merge-descriptors": {
      "version": "1.0.1",
      "resolved": "https://registry.nlark.com/merge-descriptors/download/merge-descriptors-1.0.1.tgz",
      "integrity": "sha1-sAqqVW3YtEVoFQ7J0blT8/kMu2E="
    },
    "methods": {
      "version": "1.1.2",
      "resolved": "https://registry.nlark.com/methods/download/methods-1.1.2.tgz",
      "integrity": "sha1-VSmk1nZUE07cxSZmVoNbD4Ua/O4="
    },
    "mime": {
      "version": "1.6.0",
      "resolved": "https://registry.npmmirror.com/mime/download/mime-1.6.0.tgz",
      "integrity": "sha1-Ms2eXGRVO9WNGaVor0Uqz/BJgbE="
    },
    "mime-db": {
      "version": "1.51.0",
      "resolved": "https://registry.npmmirror.com/mime-db/download/mime-db-1.51.0.tgz?cache=0&sync_timestamp=1636425951030&other_urls=https%3A%2F%2Fregistry.npmmirror.com%2Fmime-db%2Fdownload%2Fmime-db-1.51.0.tgz",
      "integrity": "sha512-5y8A56jg7XVQx2mbv1lu49NR4dokRnhZYTtL+KGfaa27uq4pSTXkwQkFJl4pkRMyNFz/EtYDSkiiEHx3F7UN6g=="
    },
    "mime-types": {
      "version": "2.1.34",
      "resolved": "https://registry.npmmirror.com/mime-types/download/mime-types-2.1.34.tgz?cache=0&sync_timestamp=1636432355847&other_urls=https%3A%2F%2Fregistry.npmmirror.com%2Fmime-types%2Fdownload%2Fmime-types-2.1.34.tgz",
      "integrity": "sha512-6cP692WwGIs9XXdOO4++N+7qjqv0rqxxVvJ3VHPh/Sc9mVZcQP+ZGhkKiTvWMQRr2tbHkJP/Yn7Y0npb3ZBs4A==",
      "requires": {
        "mime-db": "1.51.0"
      }
    },
    "mimic-response": {
      "version": "1.0.1",
      "resolved": "https://registry.nlark.com/mimic-response/download/mimic-response-1.0.1.tgz?cache=0&sync_timestamp=1628692495204&other_urls=https%3A%2F%2Fregistry.nlark.com%2Fmimic-response%2Fdownload%2Fmimic-response-1.0.1.tgz",
      "integrity": "sha1-SSNTiHju9CBjy4o+OweYeBSHqxs="
    },
    "ms": {
      "version": "2.0.0",
      "resolved": "https://registry.npmmirror.com/ms/download/ms-2.0.0.tgz",
      "integrity": "sha1-VgiurfwAvmwpAd9fmGF4jeDVl8g="
    },
    "mysql": {
      "version": "2.18.1",
      "resolved": "https://registry.npmmirror.com/mysql/download/mysql-2.18.1.tgz",
      "integrity": "sha512-Bca+gk2YWmqp2Uf6k5NFEurwY/0td0cpebAucFpY/3jhrwrVGuxU2uQFCHjU19SJfje0yQvi+rVWdq78hR5lig==",
      "requires": {
        "bignumber.js": "9.0.0",
        "readable-stream": "2.3.7",
        "safe-buffer": "5.1.2",
        "sqlstring": "2.3.1"
      },
      "dependencies": {
        "safe-buffer": {
          "version": "5.1.2",
          "resolved": "https://registry.nlark.com/safe-buffer/download/safe-buffer-5.1.2.tgz",
          "integrity": "sha1-mR7GnSluAxN0fVm9/St0XDX4go0="
        }
      }
    },
    "negotiator": {
      "version": "0.6.2",
      "resolved": "https://registry.npm.taobao.org/negotiator/download/negotiator-0.6.2.tgz",
      "integrity": "sha1-/qz3zPUlp3rpY0Q2pkiD/+yjRvs="
    },
    "normalize-url": {
      "version": "6.1.0",
      "resolved": "https://registry.npmmirror.com/normalize-url/download/normalize-url-6.1.0.tgz",
      "integrity": "sha1-QNCIW1Nd7/4/MUe+yHfQX+TFZoo="
    },
    "on-finished": {
      "version": "2.3.0",
      "resolved": "https://registry.nlark.com/on-finished/download/on-finished-2.3.0.tgz",
      "integrity": "sha1-IPEzZIGwg811M3mSoWlxqi2QaUc=",
      "requires": {
        "ee-first": "1.1.1"
      }
    },
    "once": {
      "version": "1.4.0",
      "resolved": "https://registry.nlark.com/once/download/once-1.4.0.tgz",
      "integrity": "sha1-WDsap3WWHUsROsF9nFC6753Xa9E=",
      "requires": {
        "wrappy": "1"
      }
    },
    "p-cancelable": {
      "version": "2.1.1",
      "resolved": "https://registry.nlark.com/p-cancelable/download/p-cancelable-2.1.1.tgz",
      "integrity": "sha1-qrf71BZYL6MqPbSYWcEiSHxe0s8="
    },
    "parseurl": {
      "version": "1.3.3",
      "resolved": "https://registry.nlark.com/parseurl/download/parseurl-1.3.3.tgz",
      "integrity": "sha1-naGee+6NEt/wUT7Vt2lXeTvC6NQ="
    },
    "path-to-regexp": {
      "version": "0.1.7",
      "resolved": "https://registry.npmmirror.com/path-to-regexp/download/path-to-regexp-0.1.7.tgz",
      "integrity": "sha512-5DFkuoqlv1uYQKxy8omFBeJPQcdoE07Kv2sferDCrAq1ohOU+MSDswDIbnx3YAM60qIOnYa53wBhXW0EbMonrQ=="
    },
    "process-nextick-args": {
      "version": "2.0.1",
      "resolved": "https://registry.npm.taobao.org/process-nextick-args/download/process-nextick-args-2.0.1.tgz",
      "integrity": "sha1-eCDZsWEgzFXKmud5JoCufbptf+I="
    },
    "proxy-addr": {
      "version": "2.0.7",
      "resolved": "https://registry.nlark.com/proxy-addr/download/proxy-addr-2.0.7.tgz",
      "integrity": "sha1-8Z/mnOqzEe65S0LnDowgcPm6ECU=",
      "requires": {
        "forwarded": "0.2.0",
        "ipaddr.js": "1.9.1"
      }
    },
    "pump": {
      "version": "3.0.0",
      "resolved": "https://registry.nlark.com/pump/download/pump-3.0.0.tgz",
      "integrity": "sha1-tKIRaBW94vTh6mAjVOjHVWUQemQ=",
      "requires": {
        "end-of-stream": "^1.1.0",
        "once": "^1.3.1"
      }
    },
    "qs": {
      "version": "6.9.6",
      "resolved": "https://registry.npmmirror.com/qs/download/qs-6.9.6.tgz",
      "integrity": "sha512-TIRk4aqYLNoJUbd+g2lEdz5kLWIuTMRagAXxl78Q0RiVjAOugHmeKNGdd3cwo/ktpf9aL9epCfFqWDEKysUlLQ=="
    },
    "querystring": {
      "version": "0.2.1",
      "resolved": "https://registry.npmmirror.com/querystring/download/querystring-0.2.1.tgz",
      "integrity": "sha512-wkvS7mL/JMugcup3/rMitHmd9ecIGd2lhFhK9N3UUQ450h66d1r3Y9nvXzQAW1Lq+wyx61k/1pfKS5KuKiyEbg=="
    },
    "quick-lru": {
      "version": "5.1.1",
      "resolved": "https://registry.npmmirror.com/quick-lru/download/quick-lru-5.1.1.tgz",
      "integrity": "sha1-NmST5rPkKjpoheLpnRj4D7eoyTI="
    },
    "range-parser": {
      "version": "1.2.1",
      "resolved": "https://registry.npm.taobao.org/range-parser/download/range-parser-1.2.1.tgz",
      "integrity": "sha1-PPNwI9GZ4cJNGlW4SADC8+ZGgDE="
    },
    "raw-body": {
      "version": "2.4.2",
      "resolved": "https://registry.npmmirror.com/raw-body/download/raw-body-2.4.2.tgz?cache=0&sync_timestamp=1637116848060&other_urls=https%3A%2F%2Fregistry.npmmirror.com%2Fraw-body%2Fdownload%2Fraw-body-2.4.2.tgz",
      "integrity": "sha512-RPMAFUJP19WIet/99ngh6Iv8fzAbqum4Li7AD6DtGaW2RpMB/11xDoalPiJMTbu6I3hkbMVkATvZrqb9EEqeeQ==",
      "requires": {
        "bytes": "3.1.1",
        "http-errors": "1.8.1",
        "iconv-lite": "0.4.24",
        "unpipe": "1.0.0"
      }
    },
    "readable-stream": {
      "version": "2.3.7",
      "resolved": "https://registry.npm.taobao.org/readable-stream/download/readable-stream-2.3.7.tgz",
      "integrity": "sha1-Hsoc9xGu+BTAT2IlKjamL2yyO1c=",
      "requires": {
        "core-util-is": "~1.0.0",
        "inherits": "~2.0.3",
        "isarray": "~1.0.0",
        "process-nextick-args": "~2.0.0",
        "safe-buffer": "~5.1.1",
        "string_decoder": "~1.1.1",
        "util-deprecate": "~1.0.1"
      },
      "dependencies": {
        "safe-buffer": {
          "version": "5.1.2",
          "resolved": "https://registry.nlark.com/safe-buffer/download/safe-buffer-5.1.2.tgz",
          "integrity": "sha1-mR7GnSluAxN0fVm9/St0XDX4go0="
        }
      }
    },
    "resolve-alpn": {
      "version": "1.2.1",
      "resolved": "https://registry.nlark.com/resolve-alpn/download/resolve-alpn-1.2.1.tgz?cache=0&sync_timestamp=1630311296078&other_urls=https%3A%2F%2Fregistry.nlark.com%2Fresolve-alpn%2Fdownload%2Fresolve-alpn-1.2.1.tgz",
      "integrity": "sha1-t629rDVGqq7CC0Xn2CZZJwcnJvk="
    },
    "responselike": {
      "version": "2.0.0",
      "resolved": "https://registry.nlark.com/responselike/download/responselike-2.0.0.tgz",
      "integrity": "sha1-JjkbzDF091D5p56sxAoSpcQtdyM=",
      "requires": {
        "lowercase-keys": "^2.0.0"
      }
    },
    "safe-buffer": {
      "version": "5.2.1",
      "resolved": "https://registry.nlark.com/safe-buffer/download/safe-buffer-5.2.1.tgz",
      "integrity": "sha1-Hq+fqb2x/dTsdfWPnNtOa3gn7sY="
    },
    "safer-buffer": {
      "version": "2.1.2",
      "resolved": "https://registry.nlark.com/safer-buffer/download/safer-buffer-2.1.2.tgz",
      "integrity": "sha1-RPoWGwGHuVSd2Eu5GAL5vYOFzWo="
    },
    "send": {
      "version": "0.17.2",
      "resolved": "https://registry.npmmirror.com/send/download/send-0.17.2.tgz",
      "integrity": "sha512-UJYB6wFSJE3G00nEivR5rgWp8c2xXvJ3OPWPhmuteU0IKj8nKbG3DrjiOmLwpnHGYWAVwA69zmTm++YG0Hmwww==",
      "requires": {
        "debug": "2.6.9",
        "depd": "~1.1.2",
        "destroy": "~1.0.4",
        "encodeurl": "~1.0.2",
        "escape-html": "~1.0.3",
        "etag": "~1.8.1",
        "fresh": "0.5.2",
        "http-errors": "1.8.1",
        "mime": "1.6.0",
        "ms": "2.1.3",
        "on-finished": "~2.3.0",
        "range-parser": "~1.2.1",
        "statuses": "~1.5.0"
      },
      "dependencies": {
        "ms": {
          "version": "2.1.3",
          "resolved": "https://registry.npmmirror.com/ms/download/ms-2.1.3.tgz",
          "integrity": "sha1-V0yBOM4dK1hh8LRFedut1gxmFbI="
        }
      }
    },
    "serve-static": {
      "version": "1.14.2",
      "resolved": "https://registry.npmmirror.com/serve-static/download/serve-static-1.14.2.tgz",
      "integrity": "sha512-+TMNA9AFxUEGuC0z2mevogSnn9MXKb4fa7ngeRMJaaGv8vTwnIEkKi+QGvPt33HSnf8pRS+WGM0EbMtCJLKMBQ==",
      "requires": {
        "encodeurl": "~1.0.2",
        "escape-html": "~1.0.3",
        "parseurl": "~1.3.3",
        "send": "0.17.2"
      }
    },
    "setprototypeof": {
      "version": "1.2.0",
      "resolved": "https://registry.npm.taobao.org/setprototypeof/download/setprototypeof-1.2.0.tgz",
      "integrity": "sha1-ZsmiSnP5/CjL5msJ/tPTPcrxtCQ="
    },
    "sqlstring": {
      "version": "2.3.1",
      "resolved": "https://registry.npm.taobao.org/sqlstring/download/sqlstring-2.3.1.tgz",
      "integrity": "sha1-R1OT/56RR5rqYtyvDKPRSYOn+0A="
    },
    "statuses": {
      "version": "1.5.0",
      "resolved": "https://registry.npm.taobao.org/statuses/download/statuses-1.5.0.tgz",
      "integrity": "sha1-Fhx9rBd2Wf2YEfQ3cfqZOBR4Yow="
    },
    "string_decoder": {
      "version": "1.1.1",
      "resolved": "https://registry.nlark.com/string_decoder/download/string_decoder-1.1.1.tgz",
      "integrity": "sha1-nPFhG6YmhdcDCunkujQUnDrwP8g=",
      "requires": {
        "safe-buffer": "~5.1.0"
      },
      "dependencies": {
        "safe-buffer": {
          "version": "5.1.2",
          "resolved": "https://registry.nlark.com/safe-buffer/download/safe-buffer-5.1.2.tgz",
          "integrity": "sha1-mR7GnSluAxN0fVm9/St0XDX4go0="
        }
      }
    },
    "toidentifier": {
      "version": "1.0.1",
      "resolved": "https://registry.npmmirror.com/toidentifier/download/toidentifier-1.0.1.tgz?cache=0&sync_timestamp=1636938489272&other_urls=https%3A%2F%2Fregistry.npmmirror.com%2Ftoidentifier%2Fdownload%2Ftoidentifier-1.0.1.tgz",
      "integrity": "sha512-o5sSPKEkg/DIQNmH43V0/uerLrpzVedkUh8tGNvaeXpfpuwjKenlSox/2O/BTlZUtEe+JG7s5YhEz608PlAHRA=="
    },
    "type-is": {
      "version": "1.6.18",
      "resolved": "https://registry.nlark.com/type-is/download/type-is-1.6.18.tgz",
      "integrity": "sha1-TlUs0F3wlGfcvE73Od6J8s83wTE=",
      "requires": {
        "media-typer": "0.3.0",
        "mime-types": "~2.1.24"
      }
    },
    "unpipe": {
      "version": "1.0.0",
      "resolved": "https://registry.nlark.com/unpipe/download/unpipe-1.0.0.tgz",
      "integrity": "sha1-sr9O6FFKrmFltIF4KdIbLvSZBOw="
    },
    "util-deprecate": {
      "version": "1.0.2",
      "resolved": "https://registry.nlark.com/util-deprecate/download/util-deprecate-1.0.2.tgz",
      "integrity": "sha1-RQ1Nyfpw3nMnYvvS1KKJgUGaDM8="
    },
    "utils-merge": {
      "version": "1.0.1",
      "resolved": "https://registry.nlark.com/utils-merge/download/utils-merge-1.0.1.tgz",
      "integrity": "sha1-n5VxD1CiZ5R7LMwSR0HBAoQn5xM="
    },
    "vary": {
      "version": "1.1.2",
      "resolved": "https://registry.nlark.com/vary/download/vary-1.1.2.tgz",
      "integrity": "sha1-IpnwLG3tMNSllhsLn3RSShj2NPw="
    },
    "vue-resource": {
      "version": "1.5.3",
      "resolved": "https://registry.npmmirror.com/vue-resource/download/vue-resource-1.5.3.tgz",
      "integrity": "sha512-REhTuEuYSpwmEH/VN4fgDQVC/VXxDK/xsguuiDPnINxOwy1s0CSu//p++osTUkiAXi6d/vptwBpb0AcBIDsXzw==",
      "requires": {
        "got": ">=8.0 <12.0"
      }
    },
    "wrappy": {
      "version": "1.0.2",
      "resolved": "https://registry.nlark.com/wrappy/download/wrappy-1.0.2.tgz?cache=0&sync_timestamp=1619133505879&other_urls=https%3A%2F%2Fregistry.nlark.com%2Fwrappy%2Fdownload%2Fwrappy-1.0.2.tgz",
      "integrity": "sha1-tSQ9jz7BqjXxNkYFvA0QNuMKtp8="
    },
    "ws": {
      "version": "8.5.0",
      "resolved": "https://registry.npmjs.org/ws/-/ws-8.5.0.tgz",
      "integrity": "sha512-BWX0SWVgLPzYwF8lTzEy1egjhS4S4OEAHfsO8o65WOVsrnSRGaSiUaa9e0ggGlkMTtBlmOpEXiie9RUcBO86qg=="
    }
  }
}
